
Microsoft Visual Studio Solution File, Format Version 12.00
# Visual Studio Version 17
VisualStudioVersion = 17.5.33424.131
MinimumVisualStudioVersion = 10.0.40219.1
Project("{9A19103F-16F7-4668-BE54-9A1E7A4F7556}") = "1.0.Ders1", "1.0.Ders1\1.0.Ders1.csproj", "{602CD9EB-FC94-400E-BE9C-6B9F904DFFD3}"
EndProject
Project("{9A19103F-16F7-4668-BE54-9A1E7A4F7556}") = "1.1.Ders2", "1.1.Ders2\1.1.Ders2.csproj", "{B7957F64-2E1D-4925-A065-87E5A69F77D9}"
EndProject
Project("{9A19103F-16F7-4668-BE54-9A1E7A4F7556}") = "1.2.Ders3", "1.2.Ders3\1.2.Ders3.csproj", "{D2E7BBC6-5B17-4183-9913-F77F222D3D7E}"
EndProject
Project("{FAE04EC0-301F-11D3-BF4B-00C04F79EFBC}") = "1.3.Ders4", "1.3.Ders4\1.3.Ders4.csproj", "{0687559F-51D4-4D62-BAA9-BA7CE1F70261}"
EndProject
Global
	GlobalSection(SolutionConfigurationPlatforms) = preSolution
		Debug|Any CPU = Debug|Any CPU
		Release|Any CPU = Release|Any CPU
	EndGlobalSection
	GlobalSection(ProjectConfigurationPlatforms) = postSolution
		{602CD9EB-FC94-400E-BE9C-6B9F904DFFD3}.Debug|Any CPU.ActiveCfg = Debug|Any CPU
		{602CD9EB-FC94-400E-BE9C-6B9F904DFFD3}.Debug|Any CPU.Build.0 = Debug|Any CPU
		{602CD9EB-FC94-400E-BE9C-6B9F904DFFD3}.Release|Any CPU.ActiveCfg = Release|Any CPU
		{602CD9EB-FC94-400E-BE9C-6B9F904DFFD3}.Release|Any CPU.Build.0 = Release|Any CPU
		{B7957F64-2E1D-4925-A065-87E5A69F77D9}.Debug|Any CPU.ActiveCfg = Debug|Any CPU
		{B7957F64-2E1D-4925-A065-87E5A69F77D9}.Debug|Any CPU.Build.0 = Debug|Any CPU
		{B7957F64-2E1D-4925-A065-87E5A69F77D9}.Release|Any CPU.ActiveCfg = Release|Any CPU
		{B7957F64-2E1D-4925-A065-87E5A69F77D9}.Release|Any CPU.Build.0 = Release|Any CPU
		{D2E7BBC6-5B17-4183-9913-F77F222D3D7E}.Debug|Any CPU.ActiveCfg = Debug|Any CPU
		{D2E7BBC6-5B17-4183-9913-F77F222D3D7E}.Debug|Any CPU.Build.0 = Debug|Any CPU
		{D2E7BBC6-5B17-4183-9913-F77F222D3D7E}.Release|Any CPU.ActiveCfg = Release|Any CPU
		{D2E7BBC6-5B17-4183-9913-F77F222D3D7E}.Release|Any CPU.Build.0 = Release|Any CPU
		{0687559F-51D4-4D62-BAA9-BA7CE1F70261}.Debug|Any CPU.ActiveCfg = Debug|Any CPU
		{0687559F-51D4-4D62-BAA9-BA7CE1F70261}.Debug|Any CPU.Build.0 = Debug|Any CPU
		{0687559F-51D4-4D62-BAA9-BA7CE1F70261}.Release|Any CPU.ActiveCfg = Release|Any CPU
		{0687559F-51D4-4D62-BAA9-BA7CE1F70261}.Release|Any CPU.Build.0 = Release|Any CPU
	EndGlobalSection
	GlobalSection(SolutionProperties) = preSolution
		HideSolutionNode = FALSE
	EndGlobalSection
	GlobalSection(ExtensibilityGlobals) = postSolution
		SolutionGuid = {E2E6BE2F-5F43-44ED-B1BF-1EC4E75A3667}
	EndGlobalSection
EndGlobal
