
Microsoft Visual Studio Solution File, Format Version 12.00
# Visual Studio Version 17
VisualStudioVersion = 17.5.33424.131
MinimumVisualStudioVersion = 10.0.40219.1
Project("{9A19103F-16F7-4668-BE54-9A1E7A4F7556}") = "1.0.Ders1", "1.0.Ders1\1.0.Ders1.csproj", "{602CD9EB-FC94-400E-BE9C-6B9F904DFFD3}"
EndProject
Project("{9A19103F-16F7-4668-BE54-9A1E7A4F7556}") = "1.1.Ders2", "1.1.Ders2\1.1.Ders2.csproj", "{B7957F64-2E1D-4925-A065-87E5A69F77D9}"
EndProject
Project("{9A19103F-16F7-4668-BE54-9A1E7A4F7556}") = "1.2.Ders3", "1.2.Ders3\1.2.Ders3.csproj", "{D2E7BBC6-5B17-4183-9913-F77F222D3D7E}"
EndProject
Project("{9A19103F-16F7-4668-BE54-9A1E7A4F7556}") = "1.3.Ders4", "1.3.Ders4\1.3.Ders4.csproj", "{0687559F-51D4-4D62-BAA9-BA7CE1F70261}"
EndProject
Project("{9A19103F-16F7-4668-BE54-9A1E7A4F7556}") = "1.4.Ders5", "1.4.Ders5\1.4.Ders5.csproj", "{6D34B75E-0271-403B-8F40-1C5BD2F96DAF}"
EndProject
Project("{9A19103F-16F7-4668-BE54-9A1E7A4F7556}") = "1.5.Ders6", "1.5.Ders6\1.5.Ders6.csproj", "{16A5C689-EE07-42FD-B8B2-F1B3143B8C12}"
EndProject
Project("{9A19103F-16F7-4668-BE54-9A1E7A4F7556}") = "1.6.Ders7", "1.6.Ders7\1.6.Ders7.csproj", "{D53BD0AD-85D1-46C2-B0CC-3585F70C615A}"
EndProject
Project("{9A19103F-16F7-4668-BE54-9A1E7A4F7556}") = "1.7.Ders8", "1.7.Ders8\1.7.Ders8.csproj", "{62F83378-F280-45B5-93D9-113C192D7B42}"
EndProject
Project("{9A19103F-16F7-4668-BE54-9A1E7A4F7556}") = "1.8.Ders9", "1.8.Ders9\1.8.Ders9.csproj", "{DD0D322C-AEB6-4793-B691-9056DB207B50}"
EndProject
Project("{9A19103F-16F7-4668-BE54-9A1E7A4F7556}") = "1.9.Ders10", "1.9.Ders10\1.9.Ders10.csproj", "{1A2F930C-61F8-46DD-82FB-7E11D7A8A6D8}"
EndProject
Project("{9A19103F-16F7-4668-BE54-9A1E7A4F7556}") = "2.0.Ders11", "2.0.Ders11\2.0.Ders11.csproj", "{4BB5B39A-EF8A-4067-84F8-542DB8FF9C61}"
EndProject
Project("{9A19103F-16F7-4668-BE54-9A1E7A4F7556}") = "2.1.Ders12", "2.1.Ders12\2.1.Ders12.csproj", "{320A2B81-25D4-44A8-80DE-04A276A224B4}"
EndProject
Project("{FAE04EC0-301F-11D3-BF4B-00C04F79EFBC}") = "2.4.Ders13", "2.4.Ders13\2.4.Ders13.csproj", "{EB3C6136-CDF5-454B-9527-D2781778F0BD}"
EndProject
Project("{FAE04EC0-301F-11D3-BF4B-00C04F79EFBC}") = "2.5.Ders14", "2.5.Ders14\2.5.Ders14.csproj", "{885D5205-0138-4A70-A582-7BAA742E046A}"
EndProject
Global
	GlobalSection(SolutionConfigurationPlatforms) = preSolution
		Debug|Any CPU = Debug|Any CPU
		Release|Any CPU = Release|Any CPU
	EndGlobalSection
	GlobalSection(ProjectConfigurationPlatforms) = postSolution
		{602CD9EB-FC94-400E-BE9C-6B9F904DFFD3}.Debug|Any CPU.ActiveCfg = Debug|Any CPU
		{602CD9EB-FC94-400E-BE9C-6B9F904DFFD3}.Debug|Any CPU.Build.0 = Debug|Any CPU
		{602CD9EB-FC94-400E-BE9C-6B9F904DFFD3}.Release|Any CPU.ActiveCfg = Release|Any CPU
		{602CD9EB-FC94-400E-BE9C-6B9F904DFFD3}.Release|Any CPU.Build.0 = Release|Any CPU
		{B7957F64-2E1D-4925-A065-87E5A69F77D9}.Debug|Any CPU.ActiveCfg = Debug|Any CPU
		{B7957F64-2E1D-4925-A065-87E5A69F77D9}.Debug|Any CPU.Build.0 = Debug|Any CPU
		{B7957F64-2E1D-4925-A065-87E5A69F77D9}.Release|Any CPU.ActiveCfg = Release|Any CPU
		{B7957F64-2E1D-4925-A065-87E5A69F77D9}.Release|Any CPU.Build.0 = Release|Any CPU
		{D2E7BBC6-5B17-4183-9913-F77F222D3D7E}.Debug|Any CPU.ActiveCfg = Debug|Any CPU
		{D2E7BBC6-5B17-4183-9913-F77F222D3D7E}.Debug|Any CPU.Build.0 = Debug|Any CPU
		{D2E7BBC6-5B17-4183-9913-F77F222D3D7E}.Release|Any CPU.ActiveCfg = Release|Any CPU
		{D2E7BBC6-5B17-4183-9913-F77F222D3D7E}.Release|Any CPU.Build.0 = Release|Any CPU
		{0687559F-51D4-4D62-BAA9-BA7CE1F70261}.Debug|Any CPU.ActiveCfg = Debug|Any CPU
		{0687559F-51D4-4D62-BAA9-BA7CE1F70261}.Debug|Any CPU.Build.0 = Debug|Any CPU
		{0687559F-51D4-4D62-BAA9-BA7CE1F70261}.Release|Any CPU.ActiveCfg = Release|Any CPU
		{0687559F-51D4-4D62-BAA9-BA7CE1F70261}.Release|Any CPU.Build.0 = Release|Any CPU
		{6D34B75E-0271-403B-8F40-1C5BD2F96DAF}.Debug|Any CPU.ActiveCfg = Debug|Any CPU
		{6D34B75E-0271-403B-8F40-1C5BD2F96DAF}.Debug|Any CPU.Build.0 = Debug|Any CPU
		{6D34B75E-0271-403B-8F40-1C5BD2F96DAF}.Release|Any CPU.ActiveCfg = Release|Any CPU
		{6D34B75E-0271-403B-8F40-1C5BD2F96DAF}.Release|Any CPU.Build.0 = Release|Any CPU
		{16A5C689-EE07-42FD-B8B2-F1B3143B8C12}.Debug|Any CPU.ActiveCfg = Debug|Any CPU
		{16A5C689-EE07-42FD-B8B2-F1B3143B8C12}.Debug|Any CPU.Build.0 = Debug|Any CPU
		{16A5C689-EE07-42FD-B8B2-F1B3143B8C12}.Release|Any CPU.ActiveCfg = Release|Any CPU
		{16A5C689-EE07-42FD-B8B2-F1B3143B8C12}.Release|Any CPU.Build.0 = Release|Any CPU
		{D53BD0AD-85D1-46C2-B0CC-3585F70C615A}.Debug|Any CPU.ActiveCfg = Debug|Any CPU
		{D53BD0AD-85D1-46C2-B0CC-3585F70C615A}.Debug|Any CPU.Build.0 = Debug|Any CPU
		{D53BD0AD-85D1-46C2-B0CC-3585F70C615A}.Release|Any CPU.ActiveCfg = Release|Any CPU
		{D53BD0AD-85D1-46C2-B0CC-3585F70C615A}.Release|Any CPU.Build.0 = Release|Any CPU
		{62F83378-F280-45B5-93D9-113C192D7B42}.Debug|Any CPU.ActiveCfg = Debug|Any CPU
		{62F83378-F280-45B5-93D9-113C192D7B42}.Debug|Any CPU.Build.0 = Debug|Any CPU
		{62F83378-F280-45B5-93D9-113C192D7B42}.Release|Any CPU.ActiveCfg = Release|Any CPU
		{62F83378-F280-45B5-93D9-113C192D7B42}.Release|Any CPU.Build.0 = Release|Any CPU
		{DD0D322C-AEB6-4793-B691-9056DB207B50}.Debug|Any CPU.ActiveCfg = Debug|Any CPU
		{DD0D322C-AEB6-4793-B691-9056DB207B50}.Debug|Any CPU.Build.0 = Debug|Any CPU
		{DD0D322C-AEB6-4793-B691-9056DB207B50}.Release|Any CPU.ActiveCfg = Release|Any CPU
		{DD0D322C-AEB6-4793-B691-9056DB207B50}.Release|Any CPU.Build.0 = Release|Any CPU
		{1A2F930C-61F8-46DD-82FB-7E11D7A8A6D8}.Debug|Any CPU.ActiveCfg = Debug|Any CPU
		{1A2F930C-61F8-46DD-82FB-7E11D7A8A6D8}.Debug|Any CPU.Build.0 = Debug|Any CPU
		{1A2F930C-61F8-46DD-82FB-7E11D7A8A6D8}.Release|Any CPU.ActiveCfg = Release|Any CPU
		{1A2F930C-61F8-46DD-82FB-7E11D7A8A6D8}.Release|Any CPU.Build.0 = Release|Any CPU
		{4BB5B39A-EF8A-4067-84F8-542DB8FF9C61}.Debug|Any CPU.ActiveCfg = Debug|Any CPU
		{4BB5B39A-EF8A-4067-84F8-542DB8FF9C61}.Debug|Any CPU.Build.0 = Debug|Any CPU
		{4BB5B39A-EF8A-4067-84F8-542DB8FF9C61}.Release|Any CPU.ActiveCfg = Release|Any CPU
		{4BB5B39A-EF8A-4067-84F8-542DB8FF9C61}.Release|Any CPU.Build.0 = Release|Any CPU
		{320A2B81-25D4-44A8-80DE-04A276A224B4}.Debug|Any CPU.ActiveCfg = Debug|Any CPU
		{320A2B81-25D4-44A8-80DE-04A276A224B4}.Debug|Any CPU.Build.0 = Debug|Any CPU
		{320A2B81-25D4-44A8-80DE-04A276A224B4}.Release|Any CPU.ActiveCfg = Release|Any CPU
		{320A2B81-25D4-44A8-80DE-04A276A224B4}.Release|Any CPU.Build.0 = Release|Any CPU
		{EB3C6136-CDF5-454B-9527-D2781778F0BD}.Debug|Any CPU.ActiveCfg = Debug|Any CPU
		{EB3C6136-CDF5-454B-9527-D2781778F0BD}.Debug|Any CPU.Build.0 = Debug|Any CPU
		{EB3C6136-CDF5-454B-9527-D2781778F0BD}.Release|Any CPU.ActiveCfg = Release|Any CPU
		{EB3C6136-CDF5-454B-9527-D2781778F0BD}.Release|Any CPU.Build.0 = Release|Any CPU
		{885D5205-0138-4A70-A582-7BAA742E046A}.Debug|Any CPU.ActiveCfg = Debug|Any CPU
		{885D5205-0138-4A70-A582-7BAA742E046A}.Debug|Any CPU.Build.0 = Debug|Any CPU
		{885D5205-0138-4A70-A582-7BAA742E046A}.Release|Any CPU.ActiveCfg = Release|Any CPU
		{885D5205-0138-4A70-A582-7BAA742E046A}.Release|Any CPU.Build.0 = Release|Any CPU
	EndGlobalSection
	GlobalSection(SolutionProperties) = preSolution
		HideSolutionNode = FALSE
	EndGlobalSection
	GlobalSection(ExtensibilityGlobals) = postSolution
		SolutionGuid = {E2E6BE2F-5F43-44ED-B1BF-1EC4E75A3667}
	EndGlobalSection
EndGlobal
