
Microsoft Visual Studio Solution File, Format Version 12.00
# Visual Studio Version 17
VisualStudioVersion = 17.6.33815.320
MinimumVisualStudioVersion = 10.0.40219.1
Project("{FAE04EC0-301F-11D3-BF4B-00C04F79EFBC}") = "Dijkstra-Alg", "Dijkstra-Alg\Dijkstra-Alg.csproj", "{BE49A435-1579-48A5-9637-8D504840FD46}"
EndProject
Global
	GlobalSection(SolutionConfigurationPlatforms) = preSolution
		Debug|Any CPU = Debug|Any CPU
		Release|Any CPU = Release|Any CPU
	EndGlobalSection
	GlobalSection(ProjectConfigurationPlatforms) = postSolution
		{BE49A435-1579-48A5-9637-8D504840FD46}.Debug|Any CPU.ActiveCfg = Debug|Any CPU
		{BE49A435-1579-48A5-9637-8D504840FD46}.Debug|Any CPU.Build.0 = Debug|Any CPU
		{BE49A435-1579-48A5-9637-8D504840FD46}.Release|Any CPU.ActiveCfg = Release|Any CPU
		{BE49A435-1579-48A5-9637-8D504840FD46}.Release|Any CPU.Build.0 = Release|Any CPU
	EndGlobalSection
	GlobalSection(SolutionProperties) = preSolution
		HideSolutionNode = FALSE
	EndGlobalSection
	GlobalSection(ExtensibilityGlobals) = postSolution
		SolutionGuid = {53BCECA2-5C98-4583-8475-358D5F82D1A5}
	EndGlobalSection
EndGlobal
