
Microsoft Visual Studio Solution File, Format Version 12.00
# Visual Studio Version 17
VisualStudioVersion = 17.5.33424.131
MinimumVisualStudioVersion = 10.0.40219.1
Project("{2150E333-8FDC-42A3-9474-1A3956D46DE8}") = "Core", "Core", "{87341B76-9507-4C1A-B2F2-9AF52035AB8A}"
EndProject
Project("{9A19103F-16F7-4668-BE54-9A1E7A4F7556}") = "EticaretApi.Domain", "Core\EticaretApi.Domain\EticaretApi.Domain.csproj", "{02E15D1B-EF5E-46E4-830E-56B66476607B}"
EndProject
Project("{9A19103F-16F7-4668-BE54-9A1E7A4F7556}") = "EticaretApi.Application", "Core\EticaretApi.Application\EticaretApi.Application.csproj", "{7305A5CA-3692-410E-ADA9-F264549AA4F4}"
EndProject
Project("{2150E333-8FDC-42A3-9474-1A3956D46DE8}") = "Infrastructure", "Infrastructure", "{8D84455A-C7CA-4EBF-9BCD-0597D71D573A}"
EndProject
Project("{9A19103F-16F7-4668-BE54-9A1E7A4F7556}") = "EticaretApi.Infrastructure", "Infrastructure\EticaretApi.Infrastructure\EticaretApi.Infrastructure.csproj", "{D3FEA94E-F730-44DE-A05D-FBC6BBF5821D}"
EndProject
Project("{9A19103F-16F7-4668-BE54-9A1E7A4F7556}") = "EticaretApi.Persistence", "Infrastructure\EticaretApi.Persistence\EticaretApi.Persistence.csproj", "{7F299438-759F-442F-9E19-4DB1ECF1AB2A}"
EndProject
Project("{2150E333-8FDC-42A3-9474-1A3956D46DE8}") = "Presentation", "Presentation", "{D2435992-CB04-4B9C-B550-8F61E98A9E71}"
EndProject
Project("{9A19103F-16F7-4668-BE54-9A1E7A4F7556}") = "EticaretApi.Api", "Presentation\EticaretApi.Api\EticaretApi.Api.csproj", "{E535267B-A34A-4A70-A231-3F41123F29AB}"
EndProject
Global
	GlobalSection(SolutionConfigurationPlatforms) = preSolution
		Debug|Any CPU = Debug|Any CPU
		Release|Any CPU = Release|Any CPU
	EndGlobalSection
	GlobalSection(ProjectConfigurationPlatforms) = postSolution
		{02E15D1B-EF5E-46E4-830E-56B66476607B}.Debug|Any CPU.ActiveCfg = Debug|Any CPU
		{02E15D1B-EF5E-46E4-830E-56B66476607B}.Debug|Any CPU.Build.0 = Debug|Any CPU
		{02E15D1B-EF5E-46E4-830E-56B66476607B}.Release|Any CPU.ActiveCfg = Release|Any CPU
		{02E15D1B-EF5E-46E4-830E-56B66476607B}.Release|Any CPU.Build.0 = Release|Any CPU
		{7305A5CA-3692-410E-ADA9-F264549AA4F4}.Debug|Any CPU.ActiveCfg = Debug|Any CPU
		{7305A5CA-3692-410E-ADA9-F264549AA4F4}.Debug|Any CPU.Build.0 = Debug|Any CPU
		{7305A5CA-3692-410E-ADA9-F264549AA4F4}.Release|Any CPU.ActiveCfg = Release|Any CPU
		{7305A5CA-3692-410E-ADA9-F264549AA4F4}.Release|Any CPU.Build.0 = Release|Any CPU
		{D3FEA94E-F730-44DE-A05D-FBC6BBF5821D}.Debug|Any CPU.ActiveCfg = Debug|Any CPU
		{D3FEA94E-F730-44DE-A05D-FBC6BBF5821D}.Debug|Any CPU.Build.0 = Debug|Any CPU
		{D3FEA94E-F730-44DE-A05D-FBC6BBF5821D}.Release|Any CPU.ActiveCfg = Release|Any CPU
		{D3FEA94E-F730-44DE-A05D-FBC6BBF5821D}.Release|Any CPU.Build.0 = Release|Any CPU
		{7F299438-759F-442F-9E19-4DB1ECF1AB2A}.Debug|Any CPU.ActiveCfg = Debug|Any CPU
		{7F299438-759F-442F-9E19-4DB1ECF1AB2A}.Debug|Any CPU.Build.0 = Debug|Any CPU
		{7F299438-759F-442F-9E19-4DB1ECF1AB2A}.Release|Any CPU.ActiveCfg = Release|Any CPU
		{7F299438-759F-442F-9E19-4DB1ECF1AB2A}.Release|Any CPU.Build.0 = Release|Any CPU
		{E535267B-A34A-4A70-A231-3F41123F29AB}.Debug|Any CPU.ActiveCfg = Debug|Any CPU
		{E535267B-A34A-4A70-A231-3F41123F29AB}.Debug|Any CPU.Build.0 = Debug|Any CPU
		{E535267B-A34A-4A70-A231-3F41123F29AB}.Release|Any CPU.ActiveCfg = Release|Any CPU
		{E535267B-A34A-4A70-A231-3F41123F29AB}.Release|Any CPU.Build.0 = Release|Any CPU
	EndGlobalSection
	GlobalSection(SolutionProperties) = preSolution
		HideSolutionNode = FALSE
	EndGlobalSection
	GlobalSection(NestedProjects) = preSolution
		{02E15D1B-EF5E-46E4-830E-56B66476607B} = {87341B76-9507-4C1A-B2F2-9AF52035AB8A}
		{7305A5CA-3692-410E-ADA9-F264549AA4F4} = {87341B76-9507-4C1A-B2F2-9AF52035AB8A}
		{D3FEA94E-F730-44DE-A05D-FBC6BBF5821D} = {8D84455A-C7CA-4EBF-9BCD-0597D71D573A}
		{7F299438-759F-442F-9E19-4DB1ECF1AB2A} = {8D84455A-C7CA-4EBF-9BCD-0597D71D573A}
		{E535267B-A34A-4A70-A231-3F41123F29AB} = {D2435992-CB04-4B9C-B550-8F61E98A9E71}
	EndGlobalSection
	GlobalSection(ExtensibilityGlobals) = postSolution
		SolutionGuid = {BBD89FFA-EDB3-4605-9714-A82B03A4CEBA}
	EndGlobalSection
EndGlobal
