
Microsoft Visual Studio Solution File, Format Version 12.00
# Visual Studio Version 17
VisualStudioVersion = 17.0.32014.148
MinimumVisualStudioVersion = 10.0.40219.1
Project("{FAE04EC0-301F-11D3-BF4B-00C04F79EFBC}") = "DelegateTestApp.Desktop", "DelegateTestApp.Desktop\DelegateTestApp.Desktop.csproj", "{4BDC99A0-C366-43C4-A603-97DD297CAFC8}"
EndProject
Global
	GlobalSection(SolutionConfigurationPlatforms) = preSolution
		Debug|Any CPU = Debug|Any CPU
		Release|Any CPU = Release|Any CPU
	EndGlobalSection
	GlobalSection(ProjectConfigurationPlatforms) = postSolution
		{4BDC99A0-C366-43C4-A603-97DD297CAFC8}.Debug|Any CPU.ActiveCfg = Debug|Any CPU
		{4BDC99A0-C366-43C4-A603-97DD297CAFC8}.Debug|Any CPU.Build.0 = Debug|Any CPU
		{4BDC99A0-C366-43C4-A603-97DD297CAFC8}.Release|Any CPU.ActiveCfg = Release|Any CPU
		{4BDC99A0-C366-43C4-A603-97DD297CAFC8}.Release|Any CPU.Build.0 = Release|Any CPU
	EndGlobalSection
	GlobalSection(SolutionProperties) = preSolution
		HideSolutionNode = FALSE
	EndGlobalSection
	GlobalSection(ExtensibilityGlobals) = postSolution
		SolutionGuid = {79A22E05-573D-474D-B8AC-2CDD074AA108}
	EndGlobalSection
EndGlobal
