
Microsoft Visual Studio Solution File, Format Version 12.00
# Visual Studio Version 17
VisualStudioVersion = 17.5.33103.201
MinimumVisualStudioVersion = 10.0.40219.1
Project("{9A19103F-16F7-4668-BE54-9A1E7A4F7556}") = "BasicConfiguration", "BasicConfiguration\BasicConfiguration.csproj", "{98C4AF12-051A-4BCF-BF3E-F6547AF7DDA8}"
EndProject
Project("{2150E333-8FDC-42A3-9474-1A3956D46DE8}") = "01", "01", "{DB84833D-821E-43A0-9389-3DCB2FF1E313}"
EndProject
Project("{2150E333-8FDC-42A3-9474-1A3956D46DE8}") = "02", "02", "{942B5AA5-1298-49D8-A92F-A6C1278664E9}"
EndProject
Project("{9A19103F-16F7-4668-BE54-9A1E7A4F7556}") = "BasicConfWithEnvironment", "BasicConfWithEnvironment\BasicConfWithEnvironment.csproj", "{0611FE1F-C03A-4DF7-AD83-75E94B81664B}"
EndProject
Project("{2150E333-8FDC-42A3-9474-1A3956D46DE8}") = "03", "03", "{E6BE9C1D-6F3D-4140-9BD4-4C6A074494A6}"
EndProject
Project("{9A19103F-16F7-4668-BE54-9A1E7A4F7556}") = "Cmd", "Cmd\Cmd.csproj", "{2FDC2CCB-A0E4-44AB-9022-F375E555B29C}"
EndProject
Project("{2150E333-8FDC-42A3-9474-1A3956D46DE8}") = "04", "04", "{A2BB9624-2822-46C3-8E18-36C9629BF1E0}"
EndProject
Project("{9A19103F-16F7-4668-BE54-9A1E7A4F7556}") = "UserSecret", "UserSecret\UserSecret.csproj", "{581BC09A-194E-43C1-9F7B-C7708180D367}"
EndProject
Project("{2150E333-8FDC-42A3-9474-1A3956D46DE8}") = "05", "05", "{13CB9469-9A9B-41FA-918D-FC1EF0F13520}"
EndProject
Project("{9A19103F-16F7-4668-BE54-9A1E7A4F7556}") = "Sections", "Sections\Sections.csproj", "{DC6361F7-2F83-4A24-9645-EC3733BB1D0F}"
EndProject
Project("{2150E333-8FDC-42A3-9474-1A3956D46DE8}") = "06", "06", "{DCDD33B1-1D93-4685-B9AE-C76891FDA2F6}"
EndProject
Project("{9A19103F-16F7-4668-BE54-9A1E7A4F7556}") = "CommandLineMapping", "CommandLineMapping\CommandLineMapping.csproj", "{A2386AA0-1284-4F5F-B10C-0E9FB53D09A1}"
EndProject
Project("{2150E333-8FDC-42A3-9474-1A3956D46DE8}") = "07", "07", "{D68E20A8-2A6E-438F-A2D2-B461C130F344}"
EndProject
Project("{9A19103F-16F7-4668-BE54-9A1E7A4F7556}") = "SectionV2", "SectionV2\SectionV2.csproj", "{C0C005B6-FB00-4AF2-8177-EDA92FE77B80}"
EndProject
Project("{2150E333-8FDC-42A3-9474-1A3956D46DE8}") = "08", "08", "{EC013702-E6CE-40A3-A460-1F24E8E7F1D1}"
EndProject
Project("{9A19103F-16F7-4668-BE54-9A1E7A4F7556}") = "SectionBinding", "SectionBinding\SectionBinding.csproj", "{09FB39D9-AEA8-4751-91FE-F4BC9A597AA3}"
EndProject
Project("{2150E333-8FDC-42A3-9474-1A3956D46DE8}") = "09", "09", "{D002B973-99C3-4315-9671-66ACE348FF1E}"
EndProject
Project("{9A19103F-16F7-4668-BE54-9A1E7A4F7556}") = "WebV1", "WebV1\WebV1.csproj", "{8917CD84-7C8B-4623-A23E-A007D9B47371}"
EndProject
Project("{2150E333-8FDC-42A3-9474-1A3956D46DE8}") = "10", "10", "{9AA654F1-99B2-4405-8EBE-5149CF483DDE}"
EndProject
Project("{9A19103F-16F7-4668-BE54-9A1E7A4F7556}") = "WebApiNamed", "WebApiNamed\WebApiNamed.csproj", "{38D96A85-B097-416C-AC29-8C6502789333}"
EndProject
Project("{2150E333-8FDC-42A3-9474-1A3956D46DE8}") = "11", "11", "{89F7B445-EA36-4425-ABA0-A3B682B0D8C1}"
EndProject
Project("{9A19103F-16F7-4668-BE54-9A1E7A4F7556}") = "KeyPerFile", "KeyPerFile\KeyPerFile.csproj", "{119CD5A9-02B6-4774-A296-EDE601537DD3}"
EndProject
Project("{2150E333-8FDC-42A3-9474-1A3956D46DE8}") = "12", "12", "{4CAE827A-DF3A-4406-B9B7-1FE48CB81107}"
EndProject
Project("{9A19103F-16F7-4668-BE54-9A1E7A4F7556}") = "Validation", "Validation\Validation.csproj", "{89C7E523-F5F7-45A5-9071-BA1E192204E7}"
EndProject
Project("{2150E333-8FDC-42A3-9474-1A3956D46DE8}") = "13", "13", "{F5A30B2D-4743-4C5A-83F9-2AF5BFF2D592}"
EndProject
Project("{FAE04EC0-301F-11D3-BF4B-00C04F79EFBC}") = "CustomConfigurationProvider", "CustomConfigurationProvider\CustomConfigurationProvider.csproj", "{DF19F15A-4670-4D19-A86D-2A357A35E52D}"
EndProject
Global
	GlobalSection(SolutionConfigurationPlatforms) = preSolution
		Debug|Any CPU = Debug|Any CPU
		Release|Any CPU = Release|Any CPU
	EndGlobalSection
	GlobalSection(ProjectConfigurationPlatforms) = postSolution
		{98C4AF12-051A-4BCF-BF3E-F6547AF7DDA8}.Debug|Any CPU.ActiveCfg = Debug|Any CPU
		{98C4AF12-051A-4BCF-BF3E-F6547AF7DDA8}.Debug|Any CPU.Build.0 = Debug|Any CPU
		{98C4AF12-051A-4BCF-BF3E-F6547AF7DDA8}.Release|Any CPU.ActiveCfg = Release|Any CPU
		{98C4AF12-051A-4BCF-BF3E-F6547AF7DDA8}.Release|Any CPU.Build.0 = Release|Any CPU
		{0611FE1F-C03A-4DF7-AD83-75E94B81664B}.Debug|Any CPU.ActiveCfg = Debug|Any CPU
		{0611FE1F-C03A-4DF7-AD83-75E94B81664B}.Debug|Any CPU.Build.0 = Debug|Any CPU
		{0611FE1F-C03A-4DF7-AD83-75E94B81664B}.Release|Any CPU.ActiveCfg = Release|Any CPU
		{0611FE1F-C03A-4DF7-AD83-75E94B81664B}.Release|Any CPU.Build.0 = Release|Any CPU
		{2FDC2CCB-A0E4-44AB-9022-F375E555B29C}.Debug|Any CPU.ActiveCfg = Debug|Any CPU
		{2FDC2CCB-A0E4-44AB-9022-F375E555B29C}.Debug|Any CPU.Build.0 = Debug|Any CPU
		{2FDC2CCB-A0E4-44AB-9022-F375E555B29C}.Release|Any CPU.ActiveCfg = Release|Any CPU
		{2FDC2CCB-A0E4-44AB-9022-F375E555B29C}.Release|Any CPU.Build.0 = Release|Any CPU
		{581BC09A-194E-43C1-9F7B-C7708180D367}.Debug|Any CPU.ActiveCfg = Debug|Any CPU
		{581BC09A-194E-43C1-9F7B-C7708180D367}.Debug|Any CPU.Build.0 = Debug|Any CPU
		{581BC09A-194E-43C1-9F7B-C7708180D367}.Release|Any CPU.ActiveCfg = Release|Any CPU
		{581BC09A-194E-43C1-9F7B-C7708180D367}.Release|Any CPU.Build.0 = Release|Any CPU
		{DC6361F7-2F83-4A24-9645-EC3733BB1D0F}.Debug|Any CPU.ActiveCfg = Debug|Any CPU
		{DC6361F7-2F83-4A24-9645-EC3733BB1D0F}.Debug|Any CPU.Build.0 = Debug|Any CPU
		{DC6361F7-2F83-4A24-9645-EC3733BB1D0F}.Release|Any CPU.ActiveCfg = Release|Any CPU
		{DC6361F7-2F83-4A24-9645-EC3733BB1D0F}.Release|Any CPU.Build.0 = Release|Any CPU
		{A2386AA0-1284-4F5F-B10C-0E9FB53D09A1}.Debug|Any CPU.ActiveCfg = Debug|Any CPU
		{A2386AA0-1284-4F5F-B10C-0E9FB53D09A1}.Debug|Any CPU.Build.0 = Debug|Any CPU
		{A2386AA0-1284-4F5F-B10C-0E9FB53D09A1}.Release|Any CPU.ActiveCfg = Release|Any CPU
		{A2386AA0-1284-4F5F-B10C-0E9FB53D09A1}.Release|Any CPU.Build.0 = Release|Any CPU
		{C0C005B6-FB00-4AF2-8177-EDA92FE77B80}.Debug|Any CPU.ActiveCfg = Debug|Any CPU
		{C0C005B6-FB00-4AF2-8177-EDA92FE77B80}.Debug|Any CPU.Build.0 = Debug|Any CPU
		{C0C005B6-FB00-4AF2-8177-EDA92FE77B80}.Release|Any CPU.ActiveCfg = Release|Any CPU
		{C0C005B6-FB00-4AF2-8177-EDA92FE77B80}.Release|Any CPU.Build.0 = Release|Any CPU
		{09FB39D9-AEA8-4751-91FE-F4BC9A597AA3}.Debug|Any CPU.ActiveCfg = Debug|Any CPU
		{09FB39D9-AEA8-4751-91FE-F4BC9A597AA3}.Debug|Any CPU.Build.0 = Debug|Any CPU
		{09FB39D9-AEA8-4751-91FE-F4BC9A597AA3}.Release|Any CPU.ActiveCfg = Release|Any CPU
		{09FB39D9-AEA8-4751-91FE-F4BC9A597AA3}.Release|Any CPU.Build.0 = Release|Any CPU
		{8917CD84-7C8B-4623-A23E-A007D9B47371}.Debug|Any CPU.ActiveCfg = Debug|Any CPU
		{8917CD84-7C8B-4623-A23E-A007D9B47371}.Debug|Any CPU.Build.0 = Debug|Any CPU
		{8917CD84-7C8B-4623-A23E-A007D9B47371}.Release|Any CPU.ActiveCfg = Release|Any CPU
		{8917CD84-7C8B-4623-A23E-A007D9B47371}.Release|Any CPU.Build.0 = Release|Any CPU
		{38D96A85-B097-416C-AC29-8C6502789333}.Debug|Any CPU.ActiveCfg = Debug|Any CPU
		{38D96A85-B097-416C-AC29-8C6502789333}.Debug|Any CPU.Build.0 = Debug|Any CPU
		{38D96A85-B097-416C-AC29-8C6502789333}.Release|Any CPU.ActiveCfg = Release|Any CPU
		{38D96A85-B097-416C-AC29-8C6502789333}.Release|Any CPU.Build.0 = Release|Any CPU
		{119CD5A9-02B6-4774-A296-EDE601537DD3}.Debug|Any CPU.ActiveCfg = Debug|Any CPU
		{119CD5A9-02B6-4774-A296-EDE601537DD3}.Debug|Any CPU.Build.0 = Debug|Any CPU
		{119CD5A9-02B6-4774-A296-EDE601537DD3}.Release|Any CPU.ActiveCfg = Release|Any CPU
		{119CD5A9-02B6-4774-A296-EDE601537DD3}.Release|Any CPU.Build.0 = Release|Any CPU
		{89C7E523-F5F7-45A5-9071-BA1E192204E7}.Debug|Any CPU.ActiveCfg = Debug|Any CPU
		{89C7E523-F5F7-45A5-9071-BA1E192204E7}.Debug|Any CPU.Build.0 = Debug|Any CPU
		{89C7E523-F5F7-45A5-9071-BA1E192204E7}.Release|Any CPU.ActiveCfg = Release|Any CPU
		{89C7E523-F5F7-45A5-9071-BA1E192204E7}.Release|Any CPU.Build.0 = Release|Any CPU
		{DF19F15A-4670-4D19-A86D-2A357A35E52D}.Debug|Any CPU.ActiveCfg = Debug|Any CPU
		{DF19F15A-4670-4D19-A86D-2A357A35E52D}.Debug|Any CPU.Build.0 = Debug|Any CPU
		{DF19F15A-4670-4D19-A86D-2A357A35E52D}.Release|Any CPU.ActiveCfg = Release|Any CPU
		{DF19F15A-4670-4D19-A86D-2A357A35E52D}.Release|Any CPU.Build.0 = Release|Any CPU
	EndGlobalSection
	GlobalSection(SolutionProperties) = preSolution
		HideSolutionNode = FALSE
	EndGlobalSection
	GlobalSection(NestedProjects) = preSolution
		{98C4AF12-051A-4BCF-BF3E-F6547AF7DDA8} = {DB84833D-821E-43A0-9389-3DCB2FF1E313}
		{0611FE1F-C03A-4DF7-AD83-75E94B81664B} = {942B5AA5-1298-49D8-A92F-A6C1278664E9}
		{2FDC2CCB-A0E4-44AB-9022-F375E555B29C} = {E6BE9C1D-6F3D-4140-9BD4-4C6A074494A6}
		{581BC09A-194E-43C1-9F7B-C7708180D367} = {A2BB9624-2822-46C3-8E18-36C9629BF1E0}
		{DC6361F7-2F83-4A24-9645-EC3733BB1D0F} = {13CB9469-9A9B-41FA-918D-FC1EF0F13520}
		{A2386AA0-1284-4F5F-B10C-0E9FB53D09A1} = {DCDD33B1-1D93-4685-B9AE-C76891FDA2F6}
		{C0C005B6-FB00-4AF2-8177-EDA92FE77B80} = {D68E20A8-2A6E-438F-A2D2-B461C130F344}
		{09FB39D9-AEA8-4751-91FE-F4BC9A597AA3} = {EC013702-E6CE-40A3-A460-1F24E8E7F1D1}
		{8917CD84-7C8B-4623-A23E-A007D9B47371} = {D002B973-99C3-4315-9671-66ACE348FF1E}
		{38D96A85-B097-416C-AC29-8C6502789333} = {9AA654F1-99B2-4405-8EBE-5149CF483DDE}
		{119CD5A9-02B6-4774-A296-EDE601537DD3} = {89F7B445-EA36-4425-ABA0-A3B682B0D8C1}
		{89C7E523-F5F7-45A5-9071-BA1E192204E7} = {4CAE827A-DF3A-4406-B9B7-1FE48CB81107}
		{DF19F15A-4670-4D19-A86D-2A357A35E52D} = {F5A30B2D-4743-4C5A-83F9-2AF5BFF2D592}
	EndGlobalSection
	GlobalSection(ExtensibilityGlobals) = postSolution
		SolutionGuid = {B8650D70-CEF1-45A7-9E3F-EFB2F7629E92}
	EndGlobalSection
EndGlobal
