
Microsoft Visual Studio Solution File, Format Version 12.00
# Visual Studio Version 17
VisualStudioVersion = 17.6.33717.318
MinimumVisualStudioVersion = 10.0.40219.1
Project("{9A19103F-16F7-4668-BE54-9A1E7A4F7556}") = "1.0.OOPDers", "1.0.OOPDers\1.0.OOPDers.csproj", "{05368C0A-ED4C-4EE9-BA35-C7A77D06881D}"
EndProject
Project("{9A19103F-16F7-4668-BE54-9A1E7A4F7556}") = "1.1.OOPDers", "1.1.OOPDers\1.1.OOPDers.csproj", "{FE51DCDC-A5B9-4FE6-8617-ABE6357E8AC2}"
EndProject
Project("{9A19103F-16F7-4668-BE54-9A1E7A4F7556}") = "1.3.OOPDers", "1.3.OOPDers\1.3.OOPDers.csproj", "{50104359-EB89-4D66-A869-F003432263A8}"
EndProject
Project("{9A19103F-16F7-4668-BE54-9A1E7A4F7556}") = "1.4.OOPDers", "1.4.OOPDers\1.4.OOPDers.csproj", "{AF9B36C1-450E-4E1C-BB86-188F541E3F16}"
EndProject
Project("{9A19103F-16F7-4668-BE54-9A1E7A4F7556}") = "1.5.OOPDers", "1.5.OOPDers\1.5.OOPDers.csproj", "{AFA00891-3443-4D90-9D0B-F6822DEDB5F0}"
EndProject
Project("{9A19103F-16F7-4668-BE54-9A1E7A4F7556}") = "1.6.OOPDers", "1.6.OOPDers\1.6.OOPDers.csproj", "{B544BEF5-E4B1-4260-8F33-C4B4959FB303}"
EndProject
Project("{9A19103F-16F7-4668-BE54-9A1E7A4F7556}") = "1.7.OOPDers", "1.7.OOPDers\1.7.OOPDers.csproj", "{56CC2387-E7AE-499E-885F-92F1C34A27FE}"
EndProject
Project("{9A19103F-16F7-4668-BE54-9A1E7A4F7556}") = "1.8.OOPDers", "1.8.OOPDers\1.8.OOPDers.csproj", "{F54804DF-7A9B-464B-856D-06BB47EAAA7C}"
EndProject
Project("{9A19103F-16F7-4668-BE54-9A1E7A4F7556}") = "1.9.OOPDers", "1.9.OOPDers\1.9.OOPDers.csproj", "{180EF015-BEE8-4C06-AF19-A94B567933E4}"
EndProject
Project("{9A19103F-16F7-4668-BE54-9A1E7A4F7556}") = "2.0.OOPDers", "2.0.OOPDers\2.0.OOPDers.csproj", "{E2AAEE6F-BF82-4F75-873E-AC3C43CCAF29}"
EndProject
Project("{9A19103F-16F7-4668-BE54-9A1E7A4F7556}") = "2.1.OOPDers", "2.1.OOPDers\2.1.OOPDers.csproj", "{2EE0558E-5E85-4BD5-BDE7-BE294A9AB89E}"
EndProject
Project("{9A19103F-16F7-4668-BE54-9A1E7A4F7556}") = "2.2.OOPDers", "2.2.OOPDers\2.2.OOPDers.csproj", "{C6CA52ED-83C6-4FBA-9B24-BD657C1554E2}"
EndProject
Project("{9A19103F-16F7-4668-BE54-9A1E7A4F7556}") = "2.3.OOPDers", "2.3.OOPDers\2.3.OOPDers.csproj", "{6A5D5566-19E8-4067-9CED-3F1F497A9E2B}"
EndProject
Project("{9A19103F-16F7-4668-BE54-9A1E7A4F7556}") = "2.4.OOPDers", "2.4.OOPDers\2.4.OOPDers.csproj", "{2CB38C61-5DA8-43D4-BD4B-8F8A528B9ABA}"
EndProject
Project("{9A19103F-16F7-4668-BE54-9A1E7A4F7556}") = "2.5.OOPDers", "2.5.OOPDers\2.5.OOPDers.csproj", "{82F6FD96-F774-43E8-A21E-344C29E4EDBF}"
EndProject
Project("{FAE04EC0-301F-11D3-BF4B-00C04F79EFBC}") = "2.6.OOPDerss", "2.6.OOPDerss\2.6.OOPDerss.csproj", "{6BF21CA6-1A25-45E8-8A1D-2883EBA771B6}"
EndProject
Global
	GlobalSection(SolutionConfigurationPlatforms) = preSolution
		Debug|Any CPU = Debug|Any CPU
		Release|Any CPU = Release|Any CPU
	EndGlobalSection
	GlobalSection(ProjectConfigurationPlatforms) = postSolution
		{05368C0A-ED4C-4EE9-BA35-C7A77D06881D}.Debug|Any CPU.ActiveCfg = Debug|Any CPU
		{05368C0A-ED4C-4EE9-BA35-C7A77D06881D}.Debug|Any CPU.Build.0 = Debug|Any CPU
		{05368C0A-ED4C-4EE9-BA35-C7A77D06881D}.Release|Any CPU.ActiveCfg = Release|Any CPU
		{05368C0A-ED4C-4EE9-BA35-C7A77D06881D}.Release|Any CPU.Build.0 = Release|Any CPU
		{FE51DCDC-A5B9-4FE6-8617-ABE6357E8AC2}.Debug|Any CPU.ActiveCfg = Debug|Any CPU
		{FE51DCDC-A5B9-4FE6-8617-ABE6357E8AC2}.Debug|Any CPU.Build.0 = Debug|Any CPU
		{FE51DCDC-A5B9-4FE6-8617-ABE6357E8AC2}.Release|Any CPU.ActiveCfg = Release|Any CPU
		{FE51DCDC-A5B9-4FE6-8617-ABE6357E8AC2}.Release|Any CPU.Build.0 = Release|Any CPU
		{50104359-EB89-4D66-A869-F003432263A8}.Debug|Any CPU.ActiveCfg = Debug|Any CPU
		{50104359-EB89-4D66-A869-F003432263A8}.Debug|Any CPU.Build.0 = Debug|Any CPU
		{50104359-EB89-4D66-A869-F003432263A8}.Release|Any CPU.ActiveCfg = Release|Any CPU
		{50104359-EB89-4D66-A869-F003432263A8}.Release|Any CPU.Build.0 = Release|Any CPU
		{AF9B36C1-450E-4E1C-BB86-188F541E3F16}.Debug|Any CPU.ActiveCfg = Debug|Any CPU
		{AF9B36C1-450E-4E1C-BB86-188F541E3F16}.Debug|Any CPU.Build.0 = Debug|Any CPU
		{AF9B36C1-450E-4E1C-BB86-188F541E3F16}.Release|Any CPU.ActiveCfg = Release|Any CPU
		{AF9B36C1-450E-4E1C-BB86-188F541E3F16}.Release|Any CPU.Build.0 = Release|Any CPU
		{AFA00891-3443-4D90-9D0B-F6822DEDB5F0}.Debug|Any CPU.ActiveCfg = Debug|Any CPU
		{AFA00891-3443-4D90-9D0B-F6822DEDB5F0}.Debug|Any CPU.Build.0 = Debug|Any CPU
		{AFA00891-3443-4D90-9D0B-F6822DEDB5F0}.Release|Any CPU.ActiveCfg = Release|Any CPU
		{AFA00891-3443-4D90-9D0B-F6822DEDB5F0}.Release|Any CPU.Build.0 = Release|Any CPU
		{B544BEF5-E4B1-4260-8F33-C4B4959FB303}.Debug|Any CPU.ActiveCfg = Debug|Any CPU
		{B544BEF5-E4B1-4260-8F33-C4B4959FB303}.Debug|Any CPU.Build.0 = Debug|Any CPU
		{B544BEF5-E4B1-4260-8F33-C4B4959FB303}.Release|Any CPU.ActiveCfg = Release|Any CPU
		{B544BEF5-E4B1-4260-8F33-C4B4959FB303}.Release|Any CPU.Build.0 = Release|Any CPU
		{56CC2387-E7AE-499E-885F-92F1C34A27FE}.Debug|Any CPU.ActiveCfg = Debug|Any CPU
		{56CC2387-E7AE-499E-885F-92F1C34A27FE}.Debug|Any CPU.Build.0 = Debug|Any CPU
		{56CC2387-E7AE-499E-885F-92F1C34A27FE}.Release|Any CPU.ActiveCfg = Release|Any CPU
		{56CC2387-E7AE-499E-885F-92F1C34A27FE}.Release|Any CPU.Build.0 = Release|Any CPU
		{F54804DF-7A9B-464B-856D-06BB47EAAA7C}.Debug|Any CPU.ActiveCfg = Debug|Any CPU
		{F54804DF-7A9B-464B-856D-06BB47EAAA7C}.Debug|Any CPU.Build.0 = Debug|Any CPU
		{F54804DF-7A9B-464B-856D-06BB47EAAA7C}.Release|Any CPU.ActiveCfg = Release|Any CPU
		{F54804DF-7A9B-464B-856D-06BB47EAAA7C}.Release|Any CPU.Build.0 = Release|Any CPU
		{180EF015-BEE8-4C06-AF19-A94B567933E4}.Debug|Any CPU.ActiveCfg = Debug|Any CPU
		{180EF015-BEE8-4C06-AF19-A94B567933E4}.Debug|Any CPU.Build.0 = Debug|Any CPU
		{180EF015-BEE8-4C06-AF19-A94B567933E4}.Release|Any CPU.ActiveCfg = Release|Any CPU
		{180EF015-BEE8-4C06-AF19-A94B567933E4}.Release|Any CPU.Build.0 = Release|Any CPU
		{E2AAEE6F-BF82-4F75-873E-AC3C43CCAF29}.Debug|Any CPU.ActiveCfg = Debug|Any CPU
		{E2AAEE6F-BF82-4F75-873E-AC3C43CCAF29}.Debug|Any CPU.Build.0 = Debug|Any CPU
		{E2AAEE6F-BF82-4F75-873E-AC3C43CCAF29}.Release|Any CPU.ActiveCfg = Release|Any CPU
		{E2AAEE6F-BF82-4F75-873E-AC3C43CCAF29}.Release|Any CPU.Build.0 = Release|Any CPU
		{2EE0558E-5E85-4BD5-BDE7-BE294A9AB89E}.Debug|Any CPU.ActiveCfg = Debug|Any CPU
		{2EE0558E-5E85-4BD5-BDE7-BE294A9AB89E}.Debug|Any CPU.Build.0 = Debug|Any CPU
		{2EE0558E-5E85-4BD5-BDE7-BE294A9AB89E}.Release|Any CPU.ActiveCfg = Release|Any CPU
		{2EE0558E-5E85-4BD5-BDE7-BE294A9AB89E}.Release|Any CPU.Build.0 = Release|Any CPU
		{C6CA52ED-83C6-4FBA-9B24-BD657C1554E2}.Debug|Any CPU.ActiveCfg = Debug|Any CPU
		{C6CA52ED-83C6-4FBA-9B24-BD657C1554E2}.Debug|Any CPU.Build.0 = Debug|Any CPU
		{C6CA52ED-83C6-4FBA-9B24-BD657C1554E2}.Release|Any CPU.ActiveCfg = Release|Any CPU
		{C6CA52ED-83C6-4FBA-9B24-BD657C1554E2}.Release|Any CPU.Build.0 = Release|Any CPU
		{6A5D5566-19E8-4067-9CED-3F1F497A9E2B}.Debug|Any CPU.ActiveCfg = Debug|Any CPU
		{6A5D5566-19E8-4067-9CED-3F1F497A9E2B}.Debug|Any CPU.Build.0 = Debug|Any CPU
		{6A5D5566-19E8-4067-9CED-3F1F497A9E2B}.Release|Any CPU.ActiveCfg = Release|Any CPU
		{6A5D5566-19E8-4067-9CED-3F1F497A9E2B}.Release|Any CPU.Build.0 = Release|Any CPU
		{2CB38C61-5DA8-43D4-BD4B-8F8A528B9ABA}.Debug|Any CPU.ActiveCfg = Debug|Any CPU
		{2CB38C61-5DA8-43D4-BD4B-8F8A528B9ABA}.Debug|Any CPU.Build.0 = Debug|Any CPU
		{2CB38C61-5DA8-43D4-BD4B-8F8A528B9ABA}.Release|Any CPU.ActiveCfg = Release|Any CPU
		{2CB38C61-5DA8-43D4-BD4B-8F8A528B9ABA}.Release|Any CPU.Build.0 = Release|Any CPU
		{82F6FD96-F774-43E8-A21E-344C29E4EDBF}.Debug|Any CPU.ActiveCfg = Debug|Any CPU
		{82F6FD96-F774-43E8-A21E-344C29E4EDBF}.Debug|Any CPU.Build.0 = Debug|Any CPU
		{82F6FD96-F774-43E8-A21E-344C29E4EDBF}.Release|Any CPU.ActiveCfg = Release|Any CPU
		{82F6FD96-F774-43E8-A21E-344C29E4EDBF}.Release|Any CPU.Build.0 = Release|Any CPU
		{6BF21CA6-1A25-45E8-8A1D-2883EBA771B6}.Debug|Any CPU.ActiveCfg = Debug|Any CPU
		{6BF21CA6-1A25-45E8-8A1D-2883EBA771B6}.Debug|Any CPU.Build.0 = Debug|Any CPU
		{6BF21CA6-1A25-45E8-8A1D-2883EBA771B6}.Release|Any CPU.ActiveCfg = Release|Any CPU
		{6BF21CA6-1A25-45E8-8A1D-2883EBA771B6}.Release|Any CPU.Build.0 = Release|Any CPU
	EndGlobalSection
	GlobalSection(SolutionProperties) = preSolution
		HideSolutionNode = FALSE
	EndGlobalSection
	GlobalSection(ExtensibilityGlobals) = postSolution
		SolutionGuid = {BE544312-D3C3-4F22-8E2A-6DE165CF1DEF}
	EndGlobalSection
EndGlobal
