
Microsoft Visual Studio Solution File, Format Version 12.00
# Visual Studio Version 17
VisualStudioVersion = 17.5.33424.131
MinimumVisualStudioVersion = 10.0.40219.1
Project("{9A19103F-16F7-4668-BE54-9A1E7A4F7556}") = "csharpİleriDüzey", "csharpİleriDüzey\csharpİleriDüzey.csproj", "{33C8112E-4C74-4C5C-A182-260AEEA58BB0}"
EndProject
Project("{9A19103F-16F7-4668-BE54-9A1E7A4F7556}") = "struct-class-solid-prensıpleri", "struct-class-solid-prensıpleri\struct-class-solid-prensıpleri.csproj", "{2C6F20A2-26F5-42FB-8273-CB32035F01C2}"
EndProject
Project("{9A19103F-16F7-4668-BE54-9A1E7A4F7556}") = "Delegateler", "Delegateler\Delegateler.csproj", "{4347BF85-D736-47E0-ABF2-943C60527460}"
EndProject
Project("{9A19103F-16F7-4668-BE54-9A1E7A4F7556}") = "SıralamaAlgorıtmaları", "SıralamaAlgorıtmaları\SıralamaAlgorıtmaları.csproj", "{D4DF1FC5-85F0-4FDC-9D43-649EC6A872F4}"
EndProject
Project("{FAE04EC0-301F-11D3-BF4B-00C04F79EFBC}") = "Ref-Out", "Ref-Out\Ref-Out.csproj", "{4C92A3F4-2571-48E9-872A-FA2699BEDB4E}"
EndProject
Global
	GlobalSection(SolutionConfigurationPlatforms) = preSolution
		Debug|Any CPU = Debug|Any CPU
		Release|Any CPU = Release|Any CPU
	EndGlobalSection
	GlobalSection(ProjectConfigurationPlatforms) = postSolution
		{33C8112E-4C74-4C5C-A182-260AEEA58BB0}.Debug|Any CPU.ActiveCfg = Debug|Any CPU
		{33C8112E-4C74-4C5C-A182-260AEEA58BB0}.Debug|Any CPU.Build.0 = Debug|Any CPU
		{33C8112E-4C74-4C5C-A182-260AEEA58BB0}.Release|Any CPU.ActiveCfg = Release|Any CPU
		{33C8112E-4C74-4C5C-A182-260AEEA58BB0}.Release|Any CPU.Build.0 = Release|Any CPU
		{2C6F20A2-26F5-42FB-8273-CB32035F01C2}.Debug|Any CPU.ActiveCfg = Debug|Any CPU
		{2C6F20A2-26F5-42FB-8273-CB32035F01C2}.Debug|Any CPU.Build.0 = Debug|Any CPU
		{2C6F20A2-26F5-42FB-8273-CB32035F01C2}.Release|Any CPU.ActiveCfg = Release|Any CPU
		{2C6F20A2-26F5-42FB-8273-CB32035F01C2}.Release|Any CPU.Build.0 = Release|Any CPU
		{4347BF85-D736-47E0-ABF2-943C60527460}.Debug|Any CPU.ActiveCfg = Debug|Any CPU
		{4347BF85-D736-47E0-ABF2-943C60527460}.Debug|Any CPU.Build.0 = Debug|Any CPU
		{4347BF85-D736-47E0-ABF2-943C60527460}.Release|Any CPU.ActiveCfg = Release|Any CPU
		{4347BF85-D736-47E0-ABF2-943C60527460}.Release|Any CPU.Build.0 = Release|Any CPU
		{D4DF1FC5-85F0-4FDC-9D43-649EC6A872F4}.Debug|Any CPU.ActiveCfg = Debug|Any CPU
		{D4DF1FC5-85F0-4FDC-9D43-649EC6A872F4}.Debug|Any CPU.Build.0 = Debug|Any CPU
		{D4DF1FC5-85F0-4FDC-9D43-649EC6A872F4}.Release|Any CPU.ActiveCfg = Release|Any CPU
		{D4DF1FC5-85F0-4FDC-9D43-649EC6A872F4}.Release|Any CPU.Build.0 = Release|Any CPU
		{4C92A3F4-2571-48E9-872A-FA2699BEDB4E}.Debug|Any CPU.ActiveCfg = Debug|Any CPU
		{4C92A3F4-2571-48E9-872A-FA2699BEDB4E}.Debug|Any CPU.Build.0 = Debug|Any CPU
		{4C92A3F4-2571-48E9-872A-FA2699BEDB4E}.Release|Any CPU.ActiveCfg = Release|Any CPU
		{4C92A3F4-2571-48E9-872A-FA2699BEDB4E}.Release|Any CPU.Build.0 = Release|Any CPU
	EndGlobalSection
	GlobalSection(SolutionProperties) = preSolution
		HideSolutionNode = FALSE
	EndGlobalSection
	GlobalSection(ExtensibilityGlobals) = postSolution
		SolutionGuid = {F53C8A8D-DB6E-47C7-90A1-199F67427006}
	EndGlobalSection
EndGlobal
