
Microsoft Visual Studio Solution File, Format Version 12.00
# Visual Studio Version 17
VisualStudioVersion = 17.5.33424.131
MinimumVisualStudioVersion = 10.0.40219.1
Project("{9A19103F-16F7-4668-BE54-9A1E7A4F7556}") = "CRUD", "CRUD\CRUD.csproj", "{D2D1E10F-2101-4227-9439-014A7A7F1BB7}"
EndProject
Project("{FAE04EC0-301F-11D3-BF4B-00C04F79EFBC}") = "globalCRUD", "globalCRUD\globalCRUD.csproj", "{CD6E2381-C25E-4771-8C0C-28F86EB6EA23}"
EndProject
Global
	GlobalSection(SolutionConfigurationPlatforms) = preSolution
		Debug|Any CPU = Debug|Any CPU
		Release|Any CPU = Release|Any CPU
	EndGlobalSection
	GlobalSection(ProjectConfigurationPlatforms) = postSolution
		{D2D1E10F-2101-4227-9439-014A7A7F1BB7}.Debug|Any CPU.ActiveCfg = Debug|Any CPU
		{D2D1E10F-2101-4227-9439-014A7A7F1BB7}.Debug|Any CPU.Build.0 = Debug|Any CPU
		{D2D1E10F-2101-4227-9439-014A7A7F1BB7}.Release|Any CPU.ActiveCfg = Release|Any CPU
		{D2D1E10F-2101-4227-9439-014A7A7F1BB7}.Release|Any CPU.Build.0 = Release|Any CPU
		{CD6E2381-C25E-4771-8C0C-28F86EB6EA23}.Debug|Any CPU.ActiveCfg = Debug|Any CPU
		{CD6E2381-C25E-4771-8C0C-28F86EB6EA23}.Debug|Any CPU.Build.0 = Debug|Any CPU
		{CD6E2381-C25E-4771-8C0C-28F86EB6EA23}.Release|Any CPU.ActiveCfg = Release|Any CPU
		{CD6E2381-C25E-4771-8C0C-28F86EB6EA23}.Release|Any CPU.Build.0 = Release|Any CPU
	EndGlobalSection
	GlobalSection(SolutionProperties) = preSolution
		HideSolutionNode = FALSE
	EndGlobalSection
	GlobalSection(ExtensibilityGlobals) = postSolution
		SolutionGuid = {282F91B8-16A8-42AC-8094-8EC79A4C3C2D}
	EndGlobalSection
EndGlobal
