
Microsoft Visual Studio Solution File, Format Version 12.00
# Visual Studio Version 17
VisualStudioVersion = 17.5.33424.131
MinimumVisualStudioVersion = 10.0.40219.1
Project("{FAE04EC0-301F-11D3-BF4B-00C04F79EFBC}") = "Palindromik_sayılar", "Palindromik_sayılar\Palindromik_sayılar.csproj", "{72612E93-AE84-4D39-9C4E-4875F265C9F4}"
EndProject
Project("{FAE04EC0-301F-11D3-BF4B-00C04F79EFBC}") = "İkizAsallar", "İkizAsallar\İkizAsallar.csproj", "{48DE38CA-4823-4376-8466-7B72D3EA26F1}"
EndProject
Project("{FAE04EC0-301F-11D3-BF4B-00C04F79EFBC}") = "MerseneAsalSayı", "MerseneAsalSayı\MerseneAsalSayı.csproj", "{1626CAF4-8F3E-48F6-87F3-AE43418816CC}"
EndProject
Project("{FAE04EC0-301F-11D3-BF4B-00C04F79EFBC}") = "MükemmelSayılar", "MükemmelSayılar\MükemmelSayılar.csproj", "{3D546870-49C0-4F57-AB84-945F2E7D755C}"
EndProject
Project("{FAE04EC0-301F-11D3-BF4B-00C04F79EFBC}") = "AmstrongSayı", "AmstrongSayı\AmstrongSayı.csproj", "{C830CC98-DC9F-4E2D-9580-183AFA07D3FF}"
EndProject
Project("{FAE04EC0-301F-11D3-BF4B-00C04F79EFBC}") = "HarshadSayıları", "HarshadSayıları\HarshadSayıları.csproj", "{6325F0BD-A22F-4A7D-8421-721F773936F3}"
EndProject
Project("{FAE04EC0-301F-11D3-BF4B-00C04F79EFBC}") = "Zengin_Sayılar", "Zengin_Sayılar\Zengin_Sayılar.csproj", "{A2914F78-AD3A-4426-9708-12A8F9F8C68D}"
EndProject
Project("{FAE04EC0-301F-11D3-BF4B-00C04F79EFBC}") = "FermatSayıları", "FermatSayıları\FermatSayıları.csproj", "{97E9AE8C-7593-4DDA-8D12-8D02B3DE2442}"
EndProject
Project("{FAE04EC0-301F-11D3-BF4B-00C04F79EFBC}") = "LasaSayıları", "LasaSayıları\LasaSayıları.csproj", "{3AA5068C-431D-49C3-B791-4596F38D9794}"
EndProject
Project("{FAE04EC0-301F-11D3-BF4B-00C04F79EFBC}") = "TauSayıları", "TauSayıları\TauSayıları.csproj", "{7868FCF2-0534-4314-BCC8-740119DC3FDC}"
EndProject
Global
	GlobalSection(SolutionConfigurationPlatforms) = preSolution
		Debug|Any CPU = Debug|Any CPU
		Release|Any CPU = Release|Any CPU
	EndGlobalSection
	GlobalSection(ProjectConfigurationPlatforms) = postSolution
		{72612E93-AE84-4D39-9C4E-4875F265C9F4}.Debug|Any CPU.ActiveCfg = Debug|Any CPU
		{72612E93-AE84-4D39-9C4E-4875F265C9F4}.Debug|Any CPU.Build.0 = Debug|Any CPU
		{72612E93-AE84-4D39-9C4E-4875F265C9F4}.Release|Any CPU.ActiveCfg = Release|Any CPU
		{72612E93-AE84-4D39-9C4E-4875F265C9F4}.Release|Any CPU.Build.0 = Release|Any CPU
		{48DE38CA-4823-4376-8466-7B72D3EA26F1}.Debug|Any CPU.ActiveCfg = Debug|Any CPU
		{48DE38CA-4823-4376-8466-7B72D3EA26F1}.Debug|Any CPU.Build.0 = Debug|Any CPU
		{48DE38CA-4823-4376-8466-7B72D3EA26F1}.Release|Any CPU.ActiveCfg = Release|Any CPU
		{48DE38CA-4823-4376-8466-7B72D3EA26F1}.Release|Any CPU.Build.0 = Release|Any CPU
		{1626CAF4-8F3E-48F6-87F3-AE43418816CC}.Debug|Any CPU.ActiveCfg = Debug|Any CPU
		{1626CAF4-8F3E-48F6-87F3-AE43418816CC}.Debug|Any CPU.Build.0 = Debug|Any CPU
		{1626CAF4-8F3E-48F6-87F3-AE43418816CC}.Release|Any CPU.ActiveCfg = Release|Any CPU
		{1626CAF4-8F3E-48F6-87F3-AE43418816CC}.Release|Any CPU.Build.0 = Release|Any CPU
		{3D546870-49C0-4F57-AB84-945F2E7D755C}.Debug|Any CPU.ActiveCfg = Debug|Any CPU
		{3D546870-49C0-4F57-AB84-945F2E7D755C}.Debug|Any CPU.Build.0 = Debug|Any CPU
		{3D546870-49C0-4F57-AB84-945F2E7D755C}.Release|Any CPU.ActiveCfg = Release|Any CPU
		{3D546870-49C0-4F57-AB84-945F2E7D755C}.Release|Any CPU.Build.0 = Release|Any CPU
		{C830CC98-DC9F-4E2D-9580-183AFA07D3FF}.Debug|Any CPU.ActiveCfg = Debug|Any CPU
		{C830CC98-DC9F-4E2D-9580-183AFA07D3FF}.Debug|Any CPU.Build.0 = Debug|Any CPU
		{C830CC98-DC9F-4E2D-9580-183AFA07D3FF}.Release|Any CPU.ActiveCfg = Release|Any CPU
		{C830CC98-DC9F-4E2D-9580-183AFA07D3FF}.Release|Any CPU.Build.0 = Release|Any CPU
		{6325F0BD-A22F-4A7D-8421-721F773936F3}.Debug|Any CPU.ActiveCfg = Debug|Any CPU
		{6325F0BD-A22F-4A7D-8421-721F773936F3}.Debug|Any CPU.Build.0 = Debug|Any CPU
		{6325F0BD-A22F-4A7D-8421-721F773936F3}.Release|Any CPU.ActiveCfg = Release|Any CPU
		{6325F0BD-A22F-4A7D-8421-721F773936F3}.Release|Any CPU.Build.0 = Release|Any CPU
		{A2914F78-AD3A-4426-9708-12A8F9F8C68D}.Debug|Any CPU.ActiveCfg = Debug|Any CPU
		{A2914F78-AD3A-4426-9708-12A8F9F8C68D}.Debug|Any CPU.Build.0 = Debug|Any CPU
		{A2914F78-AD3A-4426-9708-12A8F9F8C68D}.Release|Any CPU.ActiveCfg = Release|Any CPU
		{A2914F78-AD3A-4426-9708-12A8F9F8C68D}.Release|Any CPU.Build.0 = Release|Any CPU
		{97E9AE8C-7593-4DDA-8D12-8D02B3DE2442}.Debug|Any CPU.ActiveCfg = Debug|Any CPU
		{97E9AE8C-7593-4DDA-8D12-8D02B3DE2442}.Debug|Any CPU.Build.0 = Debug|Any CPU
		{97E9AE8C-7593-4DDA-8D12-8D02B3DE2442}.Release|Any CPU.ActiveCfg = Release|Any CPU
		{97E9AE8C-7593-4DDA-8D12-8D02B3DE2442}.Release|Any CPU.Build.0 = Release|Any CPU
		{3AA5068C-431D-49C3-B791-4596F38D9794}.Debug|Any CPU.ActiveCfg = Debug|Any CPU
		{3AA5068C-431D-49C3-B791-4596F38D9794}.Debug|Any CPU.Build.0 = Debug|Any CPU
		{3AA5068C-431D-49C3-B791-4596F38D9794}.Release|Any CPU.ActiveCfg = Release|Any CPU
		{3AA5068C-431D-49C3-B791-4596F38D9794}.Release|Any CPU.Build.0 = Release|Any CPU
		{7868FCF2-0534-4314-BCC8-740119DC3FDC}.Debug|Any CPU.ActiveCfg = Debug|Any CPU
		{7868FCF2-0534-4314-BCC8-740119DC3FDC}.Debug|Any CPU.Build.0 = Debug|Any CPU
		{7868FCF2-0534-4314-BCC8-740119DC3FDC}.Release|Any CPU.ActiveCfg = Release|Any CPU
		{7868FCF2-0534-4314-BCC8-740119DC3FDC}.Release|Any CPU.Build.0 = Release|Any CPU
	EndGlobalSection
	GlobalSection(SolutionProperties) = preSolution
		HideSolutionNode = FALSE
	EndGlobalSection
	GlobalSection(ExtensibilityGlobals) = postSolution
		SolutionGuid = {EBBA173D-303C-427B-8A0F-78585D536FE8}
	EndGlobalSection
EndGlobal
