
Microsoft Visual Studio Solution File, Format Version 12.00
# Visual Studio Version 17
VisualStudioVersion = 17.6.33815.320
MinimumVisualStudioVersion = 10.0.40219.1
Project("{FAE04EC0-301F-11D3-BF4B-00C04F79EFBC}") = "ozelListDenemeler", "ozelListDenemeler\ozelListDenemeler.csproj", "{603C3099-FB0F-4223-9A71-1B1D1617F6F8}"
EndProject
Global
	GlobalSection(SolutionConfigurationPlatforms) = preSolution
		Debug|Any CPU = Debug|Any CPU
		Release|Any CPU = Release|Any CPU
	EndGlobalSection
	GlobalSection(ProjectConfigurationPlatforms) = postSolution
		{603C3099-FB0F-4223-9A71-1B1D1617F6F8}.Debug|Any CPU.ActiveCfg = Debug|Any CPU
		{603C3099-FB0F-4223-9A71-1B1D1617F6F8}.Debug|Any CPU.Build.0 = Debug|Any CPU
		{603C3099-FB0F-4223-9A71-1B1D1617F6F8}.Release|Any CPU.ActiveCfg = Release|Any CPU
		{603C3099-FB0F-4223-9A71-1B1D1617F6F8}.Release|Any CPU.Build.0 = Release|Any CPU
	EndGlobalSection
	GlobalSection(SolutionProperties) = preSolution
		HideSolutionNode = FALSE
	EndGlobalSection
	GlobalSection(ExtensibilityGlobals) = postSolution
		SolutionGuid = {3C8CCF98-6433-48D4-8251-B825B64DD9C4}
	EndGlobalSection
EndGlobal
