
Microsoft Visual Studio Solution File, Format Version 12.00
# Visual Studio Version 17
VisualStudioVersion = 17.6.33815.320
MinimumVisualStudioVersion = 10.0.40219.1
Project("{9A19103F-16F7-4668-BE54-9A1E7A4F7556}") = "001-DizilereDerinlemesineBakış", "001-DizilereDerinlemesineBakış\001-DizilereDerinlemesineBakış.csproj", "{585A3A5A-42AE-4DDA-91D7-1207AB0B48DA}"
EndProject
Project("{9A19103F-16F7-4668-BE54-9A1E7A4F7556}") = "002-Ref-Return&Ref-Local", "002-Ref-Return&Ref-Local\002-Ref-Return&Ref-Local.csproj", "{A48A198F-4892-4032-82F6-014EDC27678C}"
EndProject
Project("{9A19103F-16F7-4668-BE54-9A1E7A4F7556}") = "003-OperatorOverloading", "003-OperatorOverloading\003-OperatorOverloading.csproj", "{9FE48B2F-5D97-448F-AD15-FE5AD27C3244}"
EndProject
Project("{9A19103F-16F7-4668-BE54-9A1E7A4F7556}") = "004-Implicit&ExplicitOperatorsOverloading", "004-Implicit&ExplicitOperatorsOverloading\004-Implicit&ExplicitOperatorsOverloading.csproj", "{F4F8BFEC-B84B-408E-A045-DC571A44EA98}"
EndProject
Project("{9A19103F-16F7-4668-BE54-9A1E7A4F7556}") = "005-İstisnai Durum Yönetimi(Exception Handling)", "005-İstisnai Durum Yönetimi(Exception Handling)\005-İstisnai Durum Yönetimi(Exception Handling).csproj", "{4C222C52-E7FA-4F61-841F-E67B44079926}"
EndProject
Project("{9A19103F-16F7-4668-BE54-9A1E7A4F7556}") = "006-Dinamik Programatik Nesne Üretim Yöntemleri", "006-Dinamik Programatik Nesne Üretim Yöntemleri\006-Dinamik Programatik Nesne Üretim Yöntemleri.csproj", "{BF14409D-683B-4435-ADF6-9D522E04321F}"
EndProject
Project("{FAE04EC0-301F-11D3-BF4B-00C04F79EFBC}") = "007-Generic Yapılar (Derinlemesine İnceleme)", "007-Generic Yapılar (Derinlemesine İnceleme)\007-Generic Yapılar (Derinlemesine İnceleme).csproj", "{23CC6459-045E-46E5-9925-3C14CCADC2C5}"
EndProject
Global
	GlobalSection(SolutionConfigurationPlatforms) = preSolution
		Debug|Any CPU = Debug|Any CPU
		Release|Any CPU = Release|Any CPU
	EndGlobalSection
	GlobalSection(ProjectConfigurationPlatforms) = postSolution
		{585A3A5A-42AE-4DDA-91D7-1207AB0B48DA}.Debug|Any CPU.ActiveCfg = Debug|Any CPU
		{585A3A5A-42AE-4DDA-91D7-1207AB0B48DA}.Debug|Any CPU.Build.0 = Debug|Any CPU
		{585A3A5A-42AE-4DDA-91D7-1207AB0B48DA}.Release|Any CPU.ActiveCfg = Release|Any CPU
		{585A3A5A-42AE-4DDA-91D7-1207AB0B48DA}.Release|Any CPU.Build.0 = Release|Any CPU
		{A48A198F-4892-4032-82F6-014EDC27678C}.Debug|Any CPU.ActiveCfg = Debug|Any CPU
		{A48A198F-4892-4032-82F6-014EDC27678C}.Debug|Any CPU.Build.0 = Debug|Any CPU
		{A48A198F-4892-4032-82F6-014EDC27678C}.Release|Any CPU.ActiveCfg = Release|Any CPU
		{A48A198F-4892-4032-82F6-014EDC27678C}.Release|Any CPU.Build.0 = Release|Any CPU
		{9FE48B2F-5D97-448F-AD15-FE5AD27C3244}.Debug|Any CPU.ActiveCfg = Debug|Any CPU
		{9FE48B2F-5D97-448F-AD15-FE5AD27C3244}.Debug|Any CPU.Build.0 = Debug|Any CPU
		{9FE48B2F-5D97-448F-AD15-FE5AD27C3244}.Release|Any CPU.ActiveCfg = Release|Any CPU
		{9FE48B2F-5D97-448F-AD15-FE5AD27C3244}.Release|Any CPU.Build.0 = Release|Any CPU
		{F4F8BFEC-B84B-408E-A045-DC571A44EA98}.Debug|Any CPU.ActiveCfg = Debug|Any CPU
		{F4F8BFEC-B84B-408E-A045-DC571A44EA98}.Debug|Any CPU.Build.0 = Debug|Any CPU
		{F4F8BFEC-B84B-408E-A045-DC571A44EA98}.Release|Any CPU.ActiveCfg = Release|Any CPU
		{F4F8BFEC-B84B-408E-A045-DC571A44EA98}.Release|Any CPU.Build.0 = Release|Any CPU
		{4C222C52-E7FA-4F61-841F-E67B44079926}.Debug|Any CPU.ActiveCfg = Debug|Any CPU
		{4C222C52-E7FA-4F61-841F-E67B44079926}.Debug|Any CPU.Build.0 = Debug|Any CPU
		{4C222C52-E7FA-4F61-841F-E67B44079926}.Release|Any CPU.ActiveCfg = Release|Any CPU
		{4C222C52-E7FA-4F61-841F-E67B44079926}.Release|Any CPU.Build.0 = Release|Any CPU
		{BF14409D-683B-4435-ADF6-9D522E04321F}.Debug|Any CPU.ActiveCfg = Debug|Any CPU
		{BF14409D-683B-4435-ADF6-9D522E04321F}.Debug|Any CPU.Build.0 = Debug|Any CPU
		{BF14409D-683B-4435-ADF6-9D522E04321F}.Release|Any CPU.ActiveCfg = Release|Any CPU
		{BF14409D-683B-4435-ADF6-9D522E04321F}.Release|Any CPU.Build.0 = Release|Any CPU
		{23CC6459-045E-46E5-9925-3C14CCADC2C5}.Debug|Any CPU.ActiveCfg = Debug|Any CPU
		{23CC6459-045E-46E5-9925-3C14CCADC2C5}.Debug|Any CPU.Build.0 = Debug|Any CPU
		{23CC6459-045E-46E5-9925-3C14CCADC2C5}.Release|Any CPU.ActiveCfg = Release|Any CPU
		{23CC6459-045E-46E5-9925-3C14CCADC2C5}.Release|Any CPU.Build.0 = Release|Any CPU
	EndGlobalSection
	GlobalSection(SolutionProperties) = preSolution
		HideSolutionNode = FALSE
	EndGlobalSection
	GlobalSection(ExtensibilityGlobals) = postSolution
		SolutionGuid = {3378054D-F6D8-48F5-813E-CCB93FFF0732}
	EndGlobalSection
EndGlobal
