
Microsoft Visual Studio Solution File, Format Version 12.00
# Visual Studio Version 17
VisualStudioVersion = 17.5.33424.131
MinimumVisualStudioVersion = 10.0.40219.1
Project("{FAE04EC0-301F-11D3-BF4B-00C04F79EFBC}") = "EpostaDogrulama", "EpostaDogrulama\EpostaDogrulama.csproj", "{D16A0BEE-53A7-4837-870E-9D9684859E37}"
EndProject
Global
	GlobalSection(SolutionConfigurationPlatforms) = preSolution
		Debug|Any CPU = Debug|Any CPU
		Release|Any CPU = Release|Any CPU
	EndGlobalSection
	GlobalSection(ProjectConfigurationPlatforms) = postSolution
		{D16A0BEE-53A7-4837-870E-9D9684859E37}.Debug|Any CPU.ActiveCfg = Debug|Any CPU
		{D16A0BEE-53A7-4837-870E-9D9684859E37}.Debug|Any CPU.Build.0 = Debug|Any CPU
		{D16A0BEE-53A7-4837-870E-9D9684859E37}.Release|Any CPU.ActiveCfg = Release|Any CPU
		{D16A0BEE-53A7-4837-870E-9D9684859E37}.Release|Any CPU.Build.0 = Release|Any CPU
	EndGlobalSection
	GlobalSection(SolutionProperties) = preSolution
		HideSolutionNode = FALSE
	EndGlobalSection
	GlobalSection(ExtensibilityGlobals) = postSolution
		SolutionGuid = {7618DA77-3447-494D-B04A-04423DFB23D6}
	EndGlobalSection
EndGlobal
