
Microsoft Visual Studio Solution File, Format Version 12.00
# Visual Studio Version 17
VisualStudioVersion = 17.6.33815.320
MinimumVisualStudioVersion = 10.0.40219.1
Project("{2150E333-8FDC-42A3-9474-1A3956D46DE8}") = "GRPC", "GRPC", "{13051450-93EE-4E47-A8D0-4E2176AF425A}"
EndProject
Project("{2150E333-8FDC-42A3-9474-1A3956D46DE8}") = "HTTP", "HTTP", "{D688EA96-A607-4AB2-BA67-26976E5A57BC}"
EndProject
Project("{2150E333-8FDC-42A3-9474-1A3956D46DE8}") = "MessageBroker", "MessageBroker", "{ABDC3304-A16D-488F-BB43-196699700E34}"
EndProject
Project("{FAE04EC0-301F-11D3-BF4B-00C04F79EFBC}") = "Service2", "HTTP\Service2\Service2.csproj", "{9BF7924D-FA9C-4050-8B05-0151D4F03B38}"
EndProject
Project("{FAE04EC0-301F-11D3-BF4B-00C04F79EFBC}") = "Service1", "Services1\Service1.csproj", "{F793EDD4-5DD9-4749-B885-E9569BFF99A0}"
EndProject
Global
	GlobalSection(SolutionConfigurationPlatforms) = preSolution
		Debug|Any CPU = Debug|Any CPU
		Release|Any CPU = Release|Any CPU
	EndGlobalSection
	GlobalSection(ProjectConfigurationPlatforms) = postSolution
		{9BF7924D-FA9C-4050-8B05-0151D4F03B38}.Debug|Any CPU.ActiveCfg = Debug|Any CPU
		{9BF7924D-FA9C-4050-8B05-0151D4F03B38}.Debug|Any CPU.Build.0 = Debug|Any CPU
		{9BF7924D-FA9C-4050-8B05-0151D4F03B38}.Release|Any CPU.ActiveCfg = Release|Any CPU
		{9BF7924D-FA9C-4050-8B05-0151D4F03B38}.Release|Any CPU.Build.0 = Release|Any CPU
		{F793EDD4-5DD9-4749-B885-E9569BFF99A0}.Debug|Any CPU.ActiveCfg = Debug|Any CPU
		{F793EDD4-5DD9-4749-B885-E9569BFF99A0}.Debug|Any CPU.Build.0 = Debug|Any CPU
		{F793EDD4-5DD9-4749-B885-E9569BFF99A0}.Release|Any CPU.ActiveCfg = Release|Any CPU
		{F793EDD4-5DD9-4749-B885-E9569BFF99A0}.Release|Any CPU.Build.0 = Release|Any CPU
	EndGlobalSection
	GlobalSection(SolutionProperties) = preSolution
		HideSolutionNode = FALSE
	EndGlobalSection
	GlobalSection(NestedProjects) = preSolution
		{9BF7924D-FA9C-4050-8B05-0151D4F03B38} = {D688EA96-A607-4AB2-BA67-26976E5A57BC}
		{F793EDD4-5DD9-4749-B885-E9569BFF99A0} = {D688EA96-A607-4AB2-BA67-26976E5A57BC}
	EndGlobalSection
	GlobalSection(ExtensibilityGlobals) = postSolution
		SolutionGuid = {E7805ECB-DB6A-4A0A-9A2F-57BC7BC8D5AA}
	EndGlobalSection
EndGlobal
