
Microsoft Visual Studio Solution File, Format Version 12.00
# Visual Studio Version 17
VisualStudioVersion = 17.6.33815.320
MinimumVisualStudioVersion = 10.0.40219.1
Project("{2150E333-8FDC-42A3-9474-1A3956D46DE8}") = "GRPC", "GRPC", "{13051450-93EE-4E47-A8D0-4E2176AF425A}"
EndProject
Project("{2150E333-8FDC-42A3-9474-1A3956D46DE8}") = "HTTP", "HTTP", "{D688EA96-A607-4AB2-BA67-26976E5A57BC}"
EndProject
Project("{2150E333-8FDC-42A3-9474-1A3956D46DE8}") = "MessageBroker", "MessageBroker", "{ABDC3304-A16D-488F-BB43-196699700E34}"
EndProject
Project("{9A19103F-16F7-4668-BE54-9A1E7A4F7556}") = "Service2", "HTTP\Service2\Service2.csproj", "{9BF7924D-FA9C-4050-8B05-0151D4F03B38}"
EndProject
Project("{9A19103F-16F7-4668-BE54-9A1E7A4F7556}") = "Servic1", "gRPC\Servic1\Servic1.csproj", "{D0D341E8-CFC9-4883-B35B-F280A95FBA0A}"
EndProject
Project("{9A19103F-16F7-4668-BE54-9A1E7A4F7556}") = "Servic2", "gRPC\Servic2\Servic2.csproj", "{065BAAEE-43BA-4A72-8689-7D6D91F2CB9B}"
EndProject
Project("{FAE04EC0-301F-11D3-BF4B-00C04F79EFBC}") = "Service1", "Service1\Service1.csproj", "{298CAACF-331A-4DD9-A0F0-13EE4DA223AD}"
EndProject
Global
	GlobalSection(SolutionConfigurationPlatforms) = preSolution
		Debug|Any CPU = Debug|Any CPU
		Release|Any CPU = Release|Any CPU
	EndGlobalSection
	GlobalSection(ProjectConfigurationPlatforms) = postSolution
		{9BF7924D-FA9C-4050-8B05-0151D4F03B38}.Debug|Any CPU.ActiveCfg = Debug|Any CPU
		{9BF7924D-FA9C-4050-8B05-0151D4F03B38}.Debug|Any CPU.Build.0 = Debug|Any CPU
		{9BF7924D-FA9C-4050-8B05-0151D4F03B38}.Release|Any CPU.ActiveCfg = Release|Any CPU
		{9BF7924D-FA9C-4050-8B05-0151D4F03B38}.Release|Any CPU.Build.0 = Release|Any CPU
		{D0D341E8-CFC9-4883-B35B-F280A95FBA0A}.Debug|Any CPU.ActiveCfg = Debug|Any CPU
		{D0D341E8-CFC9-4883-B35B-F280A95FBA0A}.Debug|Any CPU.Build.0 = Debug|Any CPU
		{D0D341E8-CFC9-4883-B35B-F280A95FBA0A}.Release|Any CPU.ActiveCfg = Release|Any CPU
		{D0D341E8-CFC9-4883-B35B-F280A95FBA0A}.Release|Any CPU.Build.0 = Release|Any CPU
		{065BAAEE-43BA-4A72-8689-7D6D91F2CB9B}.Debug|Any CPU.ActiveCfg = Debug|Any CPU
		{065BAAEE-43BA-4A72-8689-7D6D91F2CB9B}.Debug|Any CPU.Build.0 = Debug|Any CPU
		{065BAAEE-43BA-4A72-8689-7D6D91F2CB9B}.Release|Any CPU.ActiveCfg = Release|Any CPU
		{065BAAEE-43BA-4A72-8689-7D6D91F2CB9B}.Release|Any CPU.Build.0 = Release|Any CPU
		{298CAACF-331A-4DD9-A0F0-13EE4DA223AD}.Debug|Any CPU.ActiveCfg = Debug|Any CPU
		{298CAACF-331A-4DD9-A0F0-13EE4DA223AD}.Debug|Any CPU.Build.0 = Debug|Any CPU
		{298CAACF-331A-4DD9-A0F0-13EE4DA223AD}.Release|Any CPU.ActiveCfg = Release|Any CPU
		{298CAACF-331A-4DD9-A0F0-13EE4DA223AD}.Release|Any CPU.Build.0 = Release|Any CPU
	EndGlobalSection
	GlobalSection(SolutionProperties) = preSolution
		HideSolutionNode = FALSE
	EndGlobalSection
	GlobalSection(NestedProjects) = preSolution
		{9BF7924D-FA9C-4050-8B05-0151D4F03B38} = {D688EA96-A607-4AB2-BA67-26976E5A57BC}
		{D0D341E8-CFC9-4883-B35B-F280A95FBA0A} = {13051450-93EE-4E47-A8D0-4E2176AF425A}
		{065BAAEE-43BA-4A72-8689-7D6D91F2CB9B} = {13051450-93EE-4E47-A8D0-4E2176AF425A}
		{298CAACF-331A-4DD9-A0F0-13EE4DA223AD} = {D688EA96-A607-4AB2-BA67-26976E5A57BC}
	EndGlobalSection
	GlobalSection(ExtensibilityGlobals) = postSolution
		SolutionGuid = {E7805ECB-DB6A-4A0A-9A2F-57BC7BC8D5AA}
	EndGlobalSection
EndGlobal
