
Microsoft Visual Studio Solution File, Format Version 12.00
# Visual Studio Version 17
VisualStudioVersion = 17.6.33815.320
MinimumVisualStudioVersion = 10.0.40219.1
Project("{FAE04EC0-301F-11D3-BF4B-00C04F79EFBC}") = "Pattern Matching Nedir", "Pattern Matching Nedir\Pattern Matching Nedir.csproj", "{2C083A9B-863A-43A7-AFF5-DBC170A05163}"
EndProject
Global
	GlobalSection(SolutionConfigurationPlatforms) = preSolution
		Debug|Any CPU = Debug|Any CPU
		Release|Any CPU = Release|Any CPU
	EndGlobalSection
	GlobalSection(ProjectConfigurationPlatforms) = postSolution
		{2C083A9B-863A-43A7-AFF5-DBC170A05163}.Debug|Any CPU.ActiveCfg = Debug|Any CPU
		{2C083A9B-863A-43A7-AFF5-DBC170A05163}.Debug|Any CPU.Build.0 = Debug|Any CPU
		{2C083A9B-863A-43A7-AFF5-DBC170A05163}.Release|Any CPU.ActiveCfg = Release|Any CPU
		{2C083A9B-863A-43A7-AFF5-DBC170A05163}.Release|Any CPU.Build.0 = Release|Any CPU
	EndGlobalSection
	GlobalSection(SolutionProperties) = preSolution
		HideSolutionNode = FALSE
	EndGlobalSection
	GlobalSection(ExtensibilityGlobals) = postSolution
		SolutionGuid = {BD05D101-4A50-4927-AD2E-CBDA1835B517}
	EndGlobalSection
EndGlobal
