
Microsoft Visual Studio Solution File, Format Version 12.00
# Visual Studio Version 17
VisualStudioVersion = 17.5.33424.131
MinimumVisualStudioVersion = 10.0.40219.1
Project("{9A19103F-16F7-4668-BE54-9A1E7A4F7556}") = "EfcoreDenemelerim", "EfcoreDenemelerim\EfcoreDenemelerim.csproj", "{445E4960-8CCF-49D3-B510-A20F21A0CB4A}"
EndProject
Project("{FAE04EC0-301F-11D3-BF4B-00C04F79EFBC}") = "deeee", "deeee\deeee.csproj", "{A6EA0ECE-BFEF-45CA-881B-48D76CBB27FC}"
EndProject
Global
	GlobalSection(SolutionConfigurationPlatforms) = preSolution
		Debug|Any CPU = Debug|Any CPU
		Release|Any CPU = Release|Any CPU
	EndGlobalSection
	GlobalSection(ProjectConfigurationPlatforms) = postSolution
		{445E4960-8CCF-49D3-B510-A20F21A0CB4A}.Debug|Any CPU.ActiveCfg = Debug|Any CPU
		{445E4960-8CCF-49D3-B510-A20F21A0CB4A}.Debug|Any CPU.Build.0 = Debug|Any CPU
		{445E4960-8CCF-49D3-B510-A20F21A0CB4A}.Release|Any CPU.ActiveCfg = Release|Any CPU
		{445E4960-8CCF-49D3-B510-A20F21A0CB4A}.Release|Any CPU.Build.0 = Release|Any CPU
		{A6EA0ECE-BFEF-45CA-881B-48D76CBB27FC}.Debug|Any CPU.ActiveCfg = Debug|Any CPU
		{A6EA0ECE-BFEF-45CA-881B-48D76CBB27FC}.Debug|Any CPU.Build.0 = Debug|Any CPU
		{A6EA0ECE-BFEF-45CA-881B-48D76CBB27FC}.Release|Any CPU.ActiveCfg = Release|Any CPU
		{A6EA0ECE-BFEF-45CA-881B-48D76CBB27FC}.Release|Any CPU.Build.0 = Release|Any CPU
	EndGlobalSection
	GlobalSection(SolutionProperties) = preSolution
		HideSolutionNode = FALSE
	EndGlobalSection
	GlobalSection(ExtensibilityGlobals) = postSolution
		SolutionGuid = {5DEBE054-7648-46A0-9A44-5E24BA93C8F0}
	EndGlobalSection
EndGlobal
