
Microsoft Visual Studio Solution File, Format Version 12.00
# Visual Studio Version 17
VisualStudioVersion = 17.5.33424.131
MinimumVisualStudioVersion = 10.0.40219.1
Project("{FAE04EC0-301F-11D3-BF4B-00C04F79EFBC}") = "denemeee", "denemeee\denemeee.csproj", "{C3697422-0295-4E77-A913-32E6DDC83AB7}"
EndProject
Global
	GlobalSection(SolutionConfigurationPlatforms) = preSolution
		Debug|Any CPU = Debug|Any CPU
		Release|Any CPU = Release|Any CPU
	EndGlobalSection
	GlobalSection(ProjectConfigurationPlatforms) = postSolution
		{C3697422-0295-4E77-A913-32E6DDC83AB7}.Debug|Any CPU.ActiveCfg = Debug|Any CPU
		{C3697422-0295-4E77-A913-32E6DDC83AB7}.Debug|Any CPU.Build.0 = Debug|Any CPU
		{C3697422-0295-4E77-A913-32E6DDC83AB7}.Release|Any CPU.ActiveCfg = Release|Any CPU
		{C3697422-0295-4E77-A913-32E6DDC83AB7}.Release|Any CPU.Build.0 = Release|Any CPU
	EndGlobalSection
	GlobalSection(SolutionProperties) = preSolution
		HideSolutionNode = FALSE
	EndGlobalSection
	GlobalSection(ExtensibilityGlobals) = postSolution
		SolutionGuid = {F653C365-2BA7-4DD6-9FD9-AF0B0ADC80CE}
	EndGlobalSection
EndGlobal
